
Microsoft Visual Studio Solution File, Format Version 10.00
# Visual Studio 2008
Project("{FAE04EC0-301F-11D3-BF4B-00C04F79EFBC}") = "KClustering", "KClustering\KClustering.csproj", "{083E728A-FDC9-4014-BAE4-F5980E574BE5}"
EndProject
Global
	GlobalSection(SolutionConfigurationPlatforms) = preSolution
		Debug|Any CPU = Debug|Any CPU
		Release|Any CPU = Release|Any CPU
	EndGlobalSection
	GlobalSection(ProjectConfigurationPlatforms) = postSolution
		{083E728A-FDC9-4014-BAE4-F5980E574BE5}.Debug|Any CPU.ActiveCfg = Debug|Any CPU
		{083E728A-FDC9-4014-BAE4-F5980E574BE5}.Debug|Any CPU.Build.0 = Debug|Any CPU
		{083E728A-FDC9-4014-BAE4-F5980E574BE5}.Release|Any CPU.ActiveCfg = Release|Any CPU
		{083E728A-FDC9-4014-BAE4-F5980E574BE5}.Release|Any CPU.Build.0 = Release|Any CPU
	EndGlobalSection
	GlobalSection(SolutionProperties) = preSolution
		HideSolutionNode = FALSE
	EndGlobalSection
EndGlobal
